<Solution>
  <Folder Name="/src/">
    <Project Path="src/Loopolis.Core.UI/Loopolis.Core.UI.csproj" />
    <Project Path="src/Loopolis.Core/Loopolis.Core.csproj" />
    <Project Path="src/Loopolis.Runner/Loopolis.Runner.csproj" />
  </Folder>
  <Folder Name="/tests/">
    <Project Path="tests/Loopolis.Core.Tests/Loopolis.Core.Tests.csproj" />
    <Project Path="tests/Loopolis.Core.UI.Tests/Loopolis.Core.UI.Tests.csproj" />
  </Folder>
  <Folder Name="/godot/">
    <Project Path="godot/Loopolis.Godot.csproj" />
  </Folder>
</Solution>
